
Microsoft Visual Studio Solution File, Format Version 12.00
# Visual Studio Version 16
VisualStudioVersion = 16.0.30320.27
MinimumVisualStudioVersion = 10.0.40219.1
Project("{FAE04EC0-301F-11D3-BF4B-00C04F79EFBC}") = "SimpleLauncher", "SimpleLauncher\SimpleLauncher.csproj", "{68049E12-15DD-484A-A926-57051AB439D1}"
EndProject
Global
	GlobalSection(SolutionConfigurationPlatforms) = preSolution
		Debug|Any CPU = Debug|Any CPU
		Release|Any CPU = Release|Any CPU
	EndGlobalSection
	GlobalSection(ProjectConfigurationPlatforms) = postSolution
		{68049E12-15DD-484A-A926-57051AB439D1}.Debug|Any CPU.ActiveCfg = Debug|Any CPU
		{68049E12-15DD-484A-A926-57051AB439D1}.Debug|Any CPU.Build.0 = Debug|Any CPU
		{68049E12-15DD-484A-A926-57051AB439D1}.Release|Any CPU.ActiveCfg = Release|Any CPU
		{68049E12-15DD-484A-A926-57051AB439D1}.Release|Any CPU.Build.0 = Release|Any CPU
	EndGlobalSection
	GlobalSection(SolutionProperties) = preSolution
		HideSolutionNode = FALSE
	EndGlobalSection
	GlobalSection(ExtensibilityGlobals) = postSolution
		SolutionGuid = {E4A10CE5-ACA2-48BC-8438-626E5B1B9F72}
	EndGlobalSection
EndGlobal
